{
  "name": "info101-carnival",
  "version": "1.0.0",
  "lockfileVersion": 1,
  "requires": true,
  "dependencies": {
    "jquery": {
      "version": "3.4.1",
      "resolved": "https://registry.npmjs.org/jquery/-/jquery-3.4.1.tgz",
      "integrity": "sha512-36+AdBzCL+y6qjw5Tx7HgzeGCzC81MDDgaUP8ld2zhx58HdqXGoBd+tHdrBMiyjGQs0Hxs/MLZTu/eHNJJuWPw=="
    },
    "jquery-slotmachine": {
      "version": "4.0.1",
      "resolved": "https://registry.npmjs.org/jquery-slotmachine/-/jquery-slotmachine-4.0.1.tgz",
      "integrity": "sha512-34sPKBSbmGlWfSOhNuvv+uYya56uWd6lDDeFGUUMNvRYKZ6dZcv6dlCpx3laEhZuyH+ewApI5JlAOh/LYiiZOw==",
      "requires": {
        "jquery": ">=1.7"
      }
    }
  }
}
